
Microsoft Visual Studio Solution File, Format Version 12.00
# Visual Studio Version 17
VisualStudioVersion = 17.8.34316.72
MinimumVisualStudioVersion = 10.0.40219.1
Project("{9A19103F-16F7-4668-BE54-9A1E7A4F7556}") = "SpoServiceSystem", "SpoServiceSystem\SpoServiceSystem.csproj", "{7AA792BB-02AC-4F43-A207-9589904EE3AB}"
EndProject
Global
	GlobalSection(SolutionConfigurationPlatforms) = preSolution
		Debug|Any CPU = Debug|Any CPU
		Release|Any CPU = Release|Any CPU
	EndGlobalSection
	GlobalSection(ProjectConfigurationPlatforms) = postSolution
		{7AA792BB-02AC-4F43-A207-9589904EE3AB}.Debug|Any CPU.ActiveCfg = Release|Any CPU
		{7AA792BB-02AC-4F43-A207-9589904EE3AB}.Debug|Any CPU.Build.0 = Release|Any CPU
		{7AA792BB-02AC-4F43-A207-9589904EE3AB}.Release|Any CPU.ActiveCfg = Release|Any CPU
		{7AA792BB-02AC-4F43-A207-9589904EE3AB}.Release|Any CPU.Build.0 = Release|Any CPU
	EndGlobalSection
	GlobalSection(SolutionProperties) = preSolution
		HideSolutionNode = FALSE
	EndGlobalSection
	GlobalSection(ExtensibilityGlobals) = postSolution
		SolutionGuid = {E3D4675E-7EDE-42A3-9828-AD2E6C0E5FFD}
	EndGlobalSection
EndGlobal
